
Microsoft Visual Studio Solution File, Format Version 12.00
# Visual Studio Version 17
VisualStudioVersion = 17.7.34009.444
MinimumVisualStudioVersion = 10.0.40219.1
Project("{FAE04EC0-301F-11D3-BF4B-00C04F79EFBC}") = "ShopBanHangOnline", "ShopBanHangOnline\ShopBanHangOnline.csproj", "{53ED02C2-940B-4B66-A72D-A903434B0052}"
EndProject
Global
	GlobalSection(SolutionConfigurationPlatforms) = preSolution
		Debug|Any CPU = Debug|Any CPU
		Release|Any CPU = Release|Any CPU
	EndGlobalSection
	GlobalSection(ProjectConfigurationPlatforms) = postSolution
		{53ED02C2-940B-4B66-A72D-A903434B0052}.Debug|Any CPU.ActiveCfg = Debug|Any CPU
		{53ED02C2-940B-4B66-A72D-A903434B0052}.Debug|Any CPU.Build.0 = Debug|Any CPU
		{53ED02C2-940B-4B66-A72D-A903434B0052}.Release|Any CPU.ActiveCfg = Release|Any CPU
		{53ED02C2-940B-4B66-A72D-A903434B0052}.Release|Any CPU.Build.0 = Release|Any CPU
	EndGlobalSection
	GlobalSection(SolutionProperties) = preSolution
		HideSolutionNode = FALSE
	EndGlobalSection
	GlobalSection(ExtensibilityGlobals) = postSolution
		SolutionGuid = {A38F53DE-E6EB-4253-9D84-D411528DB15E}
	EndGlobalSection
EndGlobal
